
Microsoft Visual Studio Solution File, Format Version 12.00
# Visual Studio Version 17
VisualStudioVersion = 17.8.34511.84
MinimumVisualStudioVersion = 10.0.40219.1
Project("{9A19103F-16F7-4668-BE54-9A1E7A4F7556}") = "Core.Persistence", "Core.Persistence\Core.Persistence.csproj", "{1F39083A-D15C-4EB6-AD90-68768A7819E9}"
EndProject
Project("{9A19103F-16F7-4668-BE54-9A1E7A4F7556}") = "Core.Application", "Core.Application\Core.Application.csproj", "{71531DC4-4C14-4D31-894B-0351027731CD}"
EndProject
Project("{FAE04EC0-301F-11D3-BF4B-00C04F79EFBC}") = "Core.CrossCuttingConcerns", "Core.CrossCuttingConcerns\Core.CrossCuttingConcerns.csproj", "{AAC1F097-2472-4471-902E-B4327886DFF4}"
EndProject
Global
	GlobalSection(SolutionConfigurationPlatforms) = preSolution
		Debug|Any CPU = Debug|Any CPU
		Release|Any CPU = Release|Any CPU
	EndGlobalSection
	GlobalSection(ProjectConfigurationPlatforms) = postSolution
		{1F39083A-D15C-4EB6-AD90-68768A7819E9}.Debug|Any CPU.ActiveCfg = Debug|Any CPU
		{1F39083A-D15C-4EB6-AD90-68768A7819E9}.Debug|Any CPU.Build.0 = Debug|Any CPU
		{1F39083A-D15C-4EB6-AD90-68768A7819E9}.Release|Any CPU.ActiveCfg = Release|Any CPU
		{1F39083A-D15C-4EB6-AD90-68768A7819E9}.Release|Any CPU.Build.0 = Release|Any CPU
		{71531DC4-4C14-4D31-894B-0351027731CD}.Debug|Any CPU.ActiveCfg = Debug|Any CPU
		{71531DC4-4C14-4D31-894B-0351027731CD}.Debug|Any CPU.Build.0 = Debug|Any CPU
		{71531DC4-4C14-4D31-894B-0351027731CD}.Release|Any CPU.ActiveCfg = Release|Any CPU
		{71531DC4-4C14-4D31-894B-0351027731CD}.Release|Any CPU.Build.0 = Release|Any CPU
		{AAC1F097-2472-4471-902E-B4327886DFF4}.Debug|Any CPU.ActiveCfg = Debug|Any CPU
		{AAC1F097-2472-4471-902E-B4327886DFF4}.Debug|Any CPU.Build.0 = Debug|Any CPU
		{AAC1F097-2472-4471-902E-B4327886DFF4}.Release|Any CPU.ActiveCfg = Release|Any CPU
		{AAC1F097-2472-4471-902E-B4327886DFF4}.Release|Any CPU.Build.0 = Release|Any CPU
	EndGlobalSection
	GlobalSection(SolutionProperties) = preSolution
		HideSolutionNode = FALSE
	EndGlobalSection
	GlobalSection(ExtensibilityGlobals) = postSolution
		SolutionGuid = {F242A2B3-0FD4-464C-B3EF-F978CBB614AC}
	EndGlobalSection
EndGlobal
